
Microsoft Visual Studio Solution File, Format Version 12.00
# Visual Studio 15
VisualStudioVersion = 15.0.28010.2046
MinimumVisualStudioVersion = 10.0.40219.1
Project("{FAE04EC0-301F-11D3-BF4B-00C04F79EFBC}") = "Mistero", "Mistero\Mistero.csproj", "{1F5BFC3A-9A02-4B22-B4D0-E1CBCB04783D}"
EndProject
Global
	GlobalSection(SolutionConfigurationPlatforms) = preSolution
		Debug|Any CPU = Debug|Any CPU
		Release|Any CPU = Release|Any CPU
	EndGlobalSection
	GlobalSection(ProjectConfigurationPlatforms) = postSolution
		{1F5BFC3A-9A02-4B22-B4D0-E1CBCB04783D}.Debug|Any CPU.ActiveCfg = Debug|Any CPU
		{1F5BFC3A-9A02-4B22-B4D0-E1CBCB04783D}.Debug|Any CPU.Build.0 = Debug|Any CPU
		{1F5BFC3A-9A02-4B22-B4D0-E1CBCB04783D}.Release|Any CPU.ActiveCfg = Release|Any CPU
		{1F5BFC3A-9A02-4B22-B4D0-E1CBCB04783D}.Release|Any CPU.Build.0 = Release|Any CPU
	EndGlobalSection
	GlobalSection(SolutionProperties) = preSolution
		HideSolutionNode = FALSE
	EndGlobalSection
	GlobalSection(ExtensibilityGlobals) = postSolution
		SolutionGuid = {132871D1-B115-4559-AC94-3FC37DA51D3D}
	EndGlobalSection
EndGlobal
